
Microsoft Visual Studio Solution File, Format Version 12.00
# Visual Studio Version 16
VisualStudioVersion = 16.0.29025.244
MinimumVisualStudioVersion = 10.0.40219.1
Project("{FAE04EC0-301F-11D3-BF4B-00C04F79EFBC}") = "Shape Create", "Shape Create\Shape Create.csproj", "{C55F1D7C-F257-49B9-9DAE-AE96857FCFE1}"
EndProject
Project("{FAE04EC0-301F-11D3-BF4B-00C04F79EFBC}") = "Shape Library", "Shape Library\Shape Library.csproj", "{815D3DB5-80CA-45E7-98C2-C90BDA33DE28}"
EndProject
Global
	GlobalSection(SolutionConfigurationPlatforms) = preSolution
		Debug|Any CPU = Debug|Any CPU
		Release|Any CPU = Release|Any CPU
	EndGlobalSection
	GlobalSection(ProjectConfigurationPlatforms) = postSolution
		{C55F1D7C-F257-49B9-9DAE-AE96857FCFE1}.Debug|Any CPU.ActiveCfg = Debug|Any CPU
		{C55F1D7C-F257-49B9-9DAE-AE96857FCFE1}.Debug|Any CPU.Build.0 = Debug|Any CPU
		{C55F1D7C-F257-49B9-9DAE-AE96857FCFE1}.Release|Any CPU.ActiveCfg = Release|Any CPU
		{C55F1D7C-F257-49B9-9DAE-AE96857FCFE1}.Release|Any CPU.Build.0 = Release|Any CPU
		{815D3DB5-80CA-45E7-98C2-C90BDA33DE28}.Debug|Any CPU.ActiveCfg = Debug|Any CPU
		{815D3DB5-80CA-45E7-98C2-C90BDA33DE28}.Debug|Any CPU.Build.0 = Debug|Any CPU
		{815D3DB5-80CA-45E7-98C2-C90BDA33DE28}.Release|Any CPU.ActiveCfg = Release|Any CPU
		{815D3DB5-80CA-45E7-98C2-C90BDA33DE28}.Release|Any CPU.Build.0 = Release|Any CPU
	EndGlobalSection
	GlobalSection(SolutionProperties) = preSolution
		HideSolutionNode = FALSE
	EndGlobalSection
	GlobalSection(ExtensibilityGlobals) = postSolution
		SolutionGuid = {441F883C-9F77-4FB0-8BDB-96794640094B}
	EndGlobalSection
EndGlobal
