
Microsoft Visual Studio Solution File, Format Version 12.00
# Visual Studio Version 16
VisualStudioVersion = 16.0.29025.244
MinimumVisualStudioVersion = 10.0.40219.1
Project("{FAE04EC0-301F-11D3-BF4B-00C04F79EFBC}") = "WordProcessor", "WordProcessor\WordProcessor.csproj", "{F74A0A65-B506-4E61-B465-72CB5397A6E1}"
EndProject
Project("{FAE04EC0-301F-11D3-BF4B-00C04F79EFBC}") = "WordProcessorTest", "WordProcessorTest\WordProcessorTest.csproj", "{2D2D452B-D13A-4050-B07C-DDC178910922}"
EndProject
Global
	GlobalSection(SolutionConfigurationPlatforms) = preSolution
		Debug|Any CPU = Debug|Any CPU
		Release|Any CPU = Release|Any CPU
	EndGlobalSection
	GlobalSection(ProjectConfigurationPlatforms) = postSolution
		{F74A0A65-B506-4E61-B465-72CB5397A6E1}.Debug|Any CPU.ActiveCfg = Debug|Any CPU
		{F74A0A65-B506-4E61-B465-72CB5397A6E1}.Debug|Any CPU.Build.0 = Debug|Any CPU
		{F74A0A65-B506-4E61-B465-72CB5397A6E1}.Release|Any CPU.ActiveCfg = Release|Any CPU
		{F74A0A65-B506-4E61-B465-72CB5397A6E1}.Release|Any CPU.Build.0 = Release|Any CPU
		{2D2D452B-D13A-4050-B07C-DDC178910922}.Debug|Any CPU.ActiveCfg = Debug|Any CPU
		{2D2D452B-D13A-4050-B07C-DDC178910922}.Debug|Any CPU.Build.0 = Debug|Any CPU
		{2D2D452B-D13A-4050-B07C-DDC178910922}.Release|Any CPU.ActiveCfg = Release|Any CPU
		{2D2D452B-D13A-4050-B07C-DDC178910922}.Release|Any CPU.Build.0 = Release|Any CPU
	EndGlobalSection
	GlobalSection(SolutionProperties) = preSolution
		HideSolutionNode = FALSE
	EndGlobalSection
	GlobalSection(ExtensibilityGlobals) = postSolution
		SolutionGuid = {6D435B50-F4B6-4045-88A7-6445FE28CE53}
	EndGlobalSection
EndGlobal
