
Microsoft Visual Studio Solution File, Format Version 12.00
# Visual Studio Version 16
VisualStudioVersion = 16.0.29025.244
MinimumVisualStudioVersion = 10.0.40219.1
Project("{FAE04EC0-301F-11D3-BF4B-00C04F79EFBC}") = "EFCodeFirst", "EFCodeFirst\EFCodeFirst.csproj", "{ABF324E0-9EA4-4B5B-8B2A-AC8973F02DE2}"
EndProject
Global
	GlobalSection(SolutionConfigurationPlatforms) = preSolution
		Debug|Any CPU = Debug|Any CPU
		Release|Any CPU = Release|Any CPU
	EndGlobalSection
	GlobalSection(ProjectConfigurationPlatforms) = postSolution
		{ABF324E0-9EA4-4B5B-8B2A-AC8973F02DE2}.Debug|Any CPU.ActiveCfg = Debug|Any CPU
		{ABF324E0-9EA4-4B5B-8B2A-AC8973F02DE2}.Debug|Any CPU.Build.0 = Debug|Any CPU
		{ABF324E0-9EA4-4B5B-8B2A-AC8973F02DE2}.Release|Any CPU.ActiveCfg = Release|Any CPU
		{ABF324E0-9EA4-4B5B-8B2A-AC8973F02DE2}.Release|Any CPU.Build.0 = Release|Any CPU
	EndGlobalSection
	GlobalSection(SolutionProperties) = preSolution
		HideSolutionNode = FALSE
	EndGlobalSection
	GlobalSection(ExtensibilityGlobals) = postSolution
		SolutionGuid = {5B45A623-758B-4FCA-B70C-99E5F394AA32}
	EndGlobalSection
EndGlobal
